lockfileVersion: '9.0'

settings:
  autoInstallPeers: true
  excludeLinksFromLockfile: false

importers:

  .:
    dependencies:
      wavesurfer.js:
        specifier: ^7.9.5
        version: 7.9.5

packages:

  wavesurfer.js@7.9.5:
    resolution: {integrity: sha512-ioOG9chuAn0bF2NYYKkZtaxjcQK/hFskLg8ViLYbJHhWPk1N5wWtuqVhqeh2ZWT2SK3t0E8UkD7lLDLuZQQaSA==}

snapshots:

  wavesurfer.js@7.9.5: {}
